// !$*UTF8*$!
{
	archiveVersion = 1;
	classes = {
	};
	objectVersion = 46;
	objects = {

/* Begin PBXBuildFile section */
		8D99FC831BDC0A5800240FA1 /* AppDelegate.swift in Sources */ = {isa = PBXBuildFile; fileRef = 8D99FC821BDC0A5800240FA1 /* AppDelegate.swift */; };
		8D99FC851BDC0A5800240FA1 /* ViewController.swift in Sources */ = {isa = PBXBuildFile; fileRef = 8D99FC841BDC0A5800240FA1 /* ViewController.swift */; };
		8D99FC881BDC0A5800240FA1 /* Main.storyboard in Resources */ = {isa = PBXBuildFile; fileRef = 8D99FC861BDC0A5800240FA1 /* Main.storyboard */; };
		8D99FC8A1BDC0A5800240FA1 /* Assets.xcassets in Resources */ = {isa = PBXBuildFile; fileRef = 8D99FC891BDC0A5800240FA1 /* Assets.xcassets */; };
		8D99FC8D1BDC0A5800240FA1 /* LaunchScreen.storyboard in Resources */ = {isa = PBXBuildFile; fileRef = 8D99FC8B1BDC0A5800240FA1 /* LaunchScreen.storyboard */; };
		8D99FC981BDC0A5800240FA1 /* ORCNoteTests.swift in Sources */ = {isa = PBXBuildFile; fileRef = 8D99FC971BDC0A5800240FA1 /* ORCNoteTests.swift */; };
		8D99FCA31BDC0A5800240FA1 /* ORCNoteUITests.swift in Sources */ = {isa = PBXBuildFile; fileRef = 8D99FCA21BDC0A5800240FA1 /* ORCNoteUITests.swift */; };
		8FE80594E9F63A6E999B67EA /* libPods-ORCNote.a in Frameworks */ = {isa = PBXBuildFile; fileRef = 99456CFFA81A6C3A64DB29D1 /* libPods-ORCNote.a */; };
/* End PBXBuildFile section */

/* Begin PBXContainerItemProxy section */
		8D99FC941BDC0A5800240FA1 /* PBXContainerItemProxy */ = {
			isa = PBXContainerItemProxy;
			containerPortal = 8D99FC771BDC0A5800240FA1 /* Project object */;
			proxyType = 1;
			remoteGlobalIDString = 8D99FC7E1BDC0A5800240FA1;
			remoteInfo = ORCNote;
		};
		8D99FC9F1BDC0A5800240FA1 /* PBXContainerItemProxy */ = {
			isa = PBXContainerItemProxy;
			containerPortal = 8D99FC771BDC0A5800240FA1 /* Project object */;
			proxyType = 1;
			remoteGlobalIDString = 8D99FC7E1BDC0A5800240FA1;
			remoteInfo = ORCNote;
		};
/* End PBXContainerItemProxy section */

/* Begin PBXFileReference section */
		1EFABDDBC7DBCA0C7DD304A2 /* Pods-ORCNote.release.xcconfig */ = {isa = PBXFileReference; includeInIndex = 1; lastKnownFileType = text.xcconfig; name = "Pods-ORCNote.release.xcconfig"; path = "Pods/Target Support Files/Pods-ORCNote/Pods-ORCNote.release.xcconfig"; sourceTree = "<group>"; };
		8D99FC7F1BDC0A5800240FA1 /* ORCNote.app */ = {isa = PBXFileReference; explicitFileType = wrapper.application; includeInIndex = 0; path = ORCNote.app; sourceTree = BUILT_PRODUCTS_DIR; };
		8D99FC821BDC0A5800240FA1 /* AppDelegate.swift */ = {isa = PBXFileReference; lastKnownFileType = sourcecode.swift; path = AppDelegate.swift; sourceTree = "<group>"; };
		8D99FC841BDC0A5800240FA1 /* ViewController.swift */ = {isa = PBXFileReference; lastKnownFileType = sourcecode.swift; path = ViewController.swift; sourceTree = "<group>"; };
		8D99FC871BDC0A5800240FA1 /* Base */ = {isa = PBXFileReference; lastKnownFileType = file.storyboard; name = Base; path = Base.lproj/Main.storyboard; sourceTree = "<group>"; };
		8D99FC891BDC0A5800240FA1 /* Assets.xcassets */ = {isa = PBXFileReference; lastKnownFileType = folder.assetcatalog; path = Assets.xcassets; sourceTree = "<group>"; };
		8D99FC8C1BDC0A5800240FA1 /* Base */ = {isa = PBXFileReference; lastKnownFileType = file.storyboard; name = Base; path = Base.lproj/LaunchScreen.storyboard; sourceTree = "<group>"; };
		8D99FC8E1BDC0A5800240FA1 /* Info.plist */ = {isa = PBXFileReference; lastKnownFileType = text.plist.xml; path = Info.plist; sourceTree = "<group>"; };
		8D99FC931BDC0A5800240FA1 /* ORCNoteTests.xctest */ = {isa = PBXFileReference; explicitFileType = wrapper.cfbundle; includeInIndex = 0; path = ORCNoteTests.xctest; sourceTree = BUILT_PRODUCTS_DIR; };
		8D99FC971BDC0A5800240FA1 /* ORCNoteTests.swift */ = {isa = PBXFileReference; lastKnownFileType = sourcecode.swift; path = ORCNoteTests.swift; sourceTree = "<group>"; };
		8D99FC991BDC0A5800240FA1 /* Info.plist */ = {isa = PBXFileReference; lastKnownFileType = text.plist.xml; path = Info.plist; sourceTree = "<group>"; };
		8D99FC9E1BDC0A5800240FA1 /* ORCNoteUITests.xctest */ = {isa = PBXFileReference; explicitFileType = wrapper.cfbundle; includeInIndex = 0; path = ORCNoteUITests.xctest; sourceTree = BUILT_PRODUCTS_DIR; };
		8D99FCA21BDC0A5800240FA1 /* ORCNoteUITests.swift */ = {isa = PBXFileReference; lastKnownFileType = sourcecode.swift; path = ORCNoteUITests.swift; sourceTree = "<group>"; };
		8D99FCA41BDC0A5800240FA1 /* Info.plist */ = {isa = PBXFileReference; lastKnownFileType = text.plist.xml; path = Info.plist; sourceTree = "<group>"; };
		99456CFFA81A6C3A64DB29D1 /* libPods-ORCNote.a */ = {isa = PBXFileReference; explicitFileType = archive.ar; includeInIndex = 0; path = "libPods-ORCNote.a"; sourceTree = BUILT_PRODUCTS_DIR; };
		A8E61FAB28D24C6ECD6FCD24 /* Pods-ORCNote.debug.xcconfig */ = {isa = PBXFileReference; includeInIndex = 1; lastKnownFileType = text.xcconfig; name = "Pods-ORCNote.debug.xcconfig"; path = "Pods/Target Support Files/Pods-ORCNote/Pods-ORCNote.debug.xcconfig"; sourceTree = "<group>"; };
/* End PBXFileReference section */

/* Begin PBXFrameworksBuildPhase section */
		8D99FC7C1BDC0A5800240FA1 /* Frameworks */ = {
			isa = PBXFrameworksBuildPhase;
			buildActionMask = 2147483647;
			files = (
				8FE80594E9F63A6E999B67EA /* libPods-ORCNote.a in Frameworks */,
			);
			runOnlyForDeploymentPostprocessing = 0;
		};
		8D99FC901BDC0A5800240FA1 /* Frameworks */ = {
			isa = PBXFrameworksBuildPhase;
			buildActionMask = 2147483647;
			files = (
			);
			runOnlyForDeploymentPostprocessing = 0;
		};
		8D99FC9B1BDC0A5800240FA1 /* Frameworks */ = {
			isa = PBXFrameworksBuildPhase;
			buildActionMask = 2147483647;
			files = (
			);
			runOnlyForDeploymentPostprocessing = 0;
		};
/* End PBXFrameworksBuildPhase section */

/* Begin PBXGroup section */
		05D73D1A66ADA847277BD401 /* Frameworks */ = {
			isa = PBXGroup;
			children = (
				99456CFFA81A6C3A64DB29D1 /* libPods-ORCNote.a */,
			);
			name = Frameworks;
			sourceTree = "<group>";
		};
		414AC77A3906626E8B340D14 /* Pods */ = {
			isa = PBXGroup;
			children = (
				A8E61FAB28D24C6ECD6FCD24 /* Pods-ORCNote.debug.xcconfig */,
				1EFABDDBC7DBCA0C7DD304A2 /* Pods-ORCNote.release.xcconfig */,
			);
			name = Pods;
			sourceTree = "<group>";
		};
		8D99FC761BDC0A5800240FA1 = {
			isa = PBXGroup;
			children = (
				8D99FC811BDC0A5800240FA1 /* ORCNote */,
				8D99FC961BDC0A5800240FA1 /* ORCNoteTests */,
				8D99FCA11BDC0A5800240FA1 /* ORCNoteUITests */,
				8D99FC801BDC0A5800240FA1 /* Products */,
				414AC77A3906626E8B340D14 /* Pods */,
				05D73D1A66ADA847277BD401 /* Frameworks */,
			);
			sourceTree = "<group>";
		};
		8D99FC801BDC0A5800240FA1 /* Products */ = {
			isa = PBXGroup;
			children = (
				8D99FC7F1BDC0A5800240FA1 /* ORCNote.app */,
				8D99FC931BDC0A5800240FA1 /* ORCNoteTests.xctest */,
				8D99FC9E1BDC0A5800240FA1 /* ORCNoteUITests.xctest */,
			);
			name = Products;
			sourceTree = "<group>";
		};
		8D99FC811BDC0A5800240FA1 /* ORCNote */ = {
			isa = PBXGroup;
			children = (
				8D99FC821BDC0A5800240FA1 /* AppDelegate.swift */,
				8D99FC841BDC0A5800240FA1 /* ViewController.swift */,
				8D99FC861BDC0A5800240FA1 /* Main.storyboard */,
				8D99FC891BDC0A5800240FA1 /* Assets.xcassets */,
				8D99FC8B1BDC0A5800240FA1 /* LaunchScreen.storyboard */,
				8D99FC8E1BDC0A5800240FA1 /* Info.plist */,
			);
			path = ORCNote;
			sourceTree = "<group>";
		};
		8D99FC961BDC0A5800240FA1 /* ORCNoteTests */ = {
			isa = PBXGroup;
			children = (
				8D99FC971BDC0A5800240FA1 /* ORCNoteTests.swift */,
				8D99FC991BDC0A5800240FA1 /* Info.plist */,
			);
			path = ORCNoteTests;
			sourceTree = "<group>";
		};
		8D99FCA11BDC0A5800240FA1 /* ORCNoteUITests */ = {
			isa = PBXGroup;
			children = (
				8D99FCA21BDC0A5800240FA1 /* ORCNoteUITests.swift */,
				8D99FCA41BDC0A5800240FA1 /* Info.plist */,
			);
			path = ORCNoteUITests;
			sourceTree = "<group>";
		};
/* End PBXGroup section */

/* Begin PBXNativeTarget section */
		8D99FC7E1BDC0A5800240FA1 /* ORCNote */ = {
			isa = PBXNativeTarget;
			buildConfigurationList = 8D99FCA71BDC0A5800240FA1 /* Build configuration list for PBXNativeTarget "ORCNote" */;
			buildPhases = (
				ECA8E4540981FC779FDC2DE8 /* Check Pods Manifest.lock */,
				8D99FC7B1BDC0A5800240FA1 /* Sources */,
				8D99FC7C1BDC0A5800240FA1 /* Frameworks */,
				8D99FC7D1BDC0A5800240FA1 /* Resources */,
				D8A3CAACF23CEA9193DC421B /* Copy Pods Resources */,
			);
			buildRules = (
			);
			dependencies = (
			);
			name = ORCNote;
			productName = ORCNote;
			productReference = 8D99FC7F1BDC0A5800240FA1 /* ORCNote.app */;
			productType = "com.apple.product-type.application";
		};
		8D99FC921BDC0A5800240FA1 /* ORCNoteTests */ = {
			isa = PBXNativeTarget;
			buildConfigurationList = 8D99FCAA1BDC0A5800240FA1 /* Build configuration list for PBXNativeTarget "ORCNoteTests" */;
			buildPhases = (
				8D99FC8F1BDC0A5800240FA1 /* Sources */,
				8D99FC901BDC0A5800240FA1 /* Frameworks */,
				8D99FC911BDC0A5800240FA1 /* Resources */,
			);
			buildRules = (
			);
			dependencies = (
				8D99FC951BDC0A5800240FA1 /* PBXTargetDependency */,
			);
			name = ORCNoteTests;
			productName = ORCNoteTests;
			productReference = 8D99FC931BDC0A5800240FA1 /* ORCNoteTests.xctest */;
			productType = "com.apple.product-type.bundle.unit-test";
		};
		8D99FC9D1BDC0A5800240FA1 /* ORCNoteUITests */ = {
			isa = PBXNativeTarget;
			buildConfigurationList = 8D99FCAD1BDC0A5800240FA1 /* Build configuration list for PBXNativeTarget "ORCNoteUITests" */;
			buildPhases = (
				8D99FC9A1BDC0A5800240FA1 /* Sources */,
				8D99FC9B1BDC0A5800240FA1 /* Frameworks */,
				8D99FC9C1BDC0A5800240FA1 /* Resources */,
			);
			buildRules = (
			);
			dependencies = (
				8D99FCA01BDC0A5800240FA1 /* PBXTargetDependency */,
			);
			name = ORCNoteUITests;
			productName = ORCNoteUITests;
			productReference = 8D99FC9E1BDC0A5800240FA1 /* ORCNoteUITests.xctest */;
			productType = "com.apple.product-type.bundle.ui-testing";
		};
/* End PBXNativeTarget section */

/* Begin PBXProject section */
		8D99FC771BDC0A5800240FA1 /* Project object */ = {
			isa = PBXProject;
			attributes = {
				LastSwiftUpdateCheck = 0710;
				LastUpgradeCheck = 0710;
				ORGANIZATIONNAME = "Yi Qin";
				TargetAttributes = {
					8D99FC7E1BDC0A5800240FA1 = {
						CreatedOnToolsVersion = 7.1;
					};
					8D99FC921BDC0A5800240FA1 = {
						CreatedOnToolsVersion = 7.1;
						TestTargetID = 8D99FC7E1BDC0A5800240FA1;
					};
					8D99FC9D1BDC0A5800240FA1 = {
						CreatedOnToolsVersion = 7.1;
						TestTargetID = 8D99FC7E1BDC0A5800240FA1;
					};
				};
			};
			buildConfigurationList = 8D99FC7A1BDC0A5800240FA1 /* Build configuration list for PBXProject "ORCNote" */;
			compatibilityVersion = "Xcode 3.2";
			developmentRegion = English;
			hasScannedForEncodings = 0;
			knownRegions = (
				en,
				Base,
			);
			mainGroup = 8D99FC761BDC0A5800240FA1;
			productRefGroup = 8D99FC801BDC0A5800240FA1 /* Products */;
			projectDirPath = "";
			projectRoot = "";
			targets = (
				8D99FC7E1BDC0A5800240FA1 /* ORCNote */,
				8D99FC921BDC0A5800240FA1 /* ORCNoteTests */,
				8D99FC9D1BDC0A5800240FA1 /* ORCNoteUITests */,
			);
		};
/* End PBXProject section */

/* Begin PBXResourcesBuildPhase section */
		8D99FC7D1BDC0A5800240FA1 /* Resources */ = {
			isa = PBXResourcesBuildPhase;
			buildActionMask = 2147483647;
			files = (
				8D99FC8D1BDC0A5800240FA1 /* LaunchScreen.storyboard in Resources */,
				8D99FC8A1BDC0A5800240FA1 /* Assets.xcassets in Resources */,
				8D99FC881BDC0A5800240FA1 /* Main.storyboard in Resources */,
			);
			runOnlyForDeploymentPostprocessing = 0;
		};
		8D99FC911BDC0A5800240FA1 /* Resources */ = {
			isa = PBXResourcesBuildPhase;
			buildActionMask = 2147483647;
			files = (
			);
			runOnlyForDeploymentPostprocessing = 0;
		};
		8D99FC9C1BDC0A5800240FA1 /* Resources */ = {
			isa = PBXResourcesBuildPhase;
			buildActionMask = 2147483647;
			files = (
			);
			runOnlyForDeploymentPostprocessing = 0;
		};
/* End PBXResourcesBuildPhase section */

/* Begin PBXShellScriptBuildPhase section */
		D8A3CAACF23CEA9193DC421B /* Copy Pods Resources */ = {
			isa = PBXShellScriptBuildPhase;
			buildActionMask = 2147483647;
			files = (
			);
			inputPaths = (
			);
			name = "Copy Pods Resources";
			outputPaths = (
			);
			runOnlyForDeploymentPostprocessing = 0;
			shellPath = /bin/sh;
			shellScript = "\"${SRCROOT}/Pods/Target Support Files/Pods-ORCNote/Pods-ORCNote-resources.sh\"\n";
			showEnvVarsInLog = 0;
		};
		ECA8E4540981FC779FDC2DE8 /* Check Pods Manifest.lock */ = {
			isa = PBXShellScriptBuildPhase;
			buildActionMask = 2147483647;
			files = (
			);
			inputPaths = (
			);
			name = "Check Pods Manifest.lock";
			outputPaths = (
			);
			runOnlyForDeploymentPostprocessing = 0;
			shellPath = /bin/sh;
			shellScript = "diff \"${PODS_ROOT}/../Podfile.lock\" \"${PODS_ROOT}/Manifest.lock\" > /dev/null\nif [[ $? != 0 ]] ; then\n    cat << EOM\nerror: The sandbox is not in sync with the Podfile.lock. Run 'pod install' or update your CocoaPods installation.\nEOM\n    exit 1\nfi\n";
			showEnvVarsInLog = 0;
		};
/* End PBXShellScriptBuildPhase section */

/* Begin PBXSourcesBuildPhase section */
		8D99FC7B1BDC0A5800240FA1 /* Sources */ = {
			isa = PBXSourcesBuildPhase;
			buildActionMask = 2147483647;
			files = (
				8D99FC851BDC0A5800240FA1 /* ViewController.swift in Sources */,
				8D99FC831BDC0A5800240FA1 /* AppDelegate.swift in Sources */,
			);
			runOnlyForDeploymentPostprocessing = 0;
		};
		8D99FC8F1BDC0A5800240FA1 /* Sources */ = {
			isa = PBXSourcesBuildPhase;
			buildActionMask = 2147483647;
			files = (
				8D99FC981BDC0A5800240FA1 /* ORCNoteTests.swift in Sources */,
			);
			runOnlyForDeploymentPostprocessing = 0;
		};
		8D99FC9A1BDC0A5800240FA1 /* Sources */ = {
			isa = PBXSourcesBuildPhase;
			buildActionMask = 2147483647;
			files = (
				8D99FCA31BDC0A5800240FA1 /* ORCNoteUITests.swift in Sources */,
			);
			runOnlyForDeploymentPostprocessing = 0;
		};
/* End PBXSourcesBuildPhase section */

/* Begin PBXTargetDependency section */
		8D99FC951BDC0A5800240FA1 /* PBXTargetDependency */ = {
			isa = PBXTargetDependency;
			target = 8D99FC7E1BDC0A5800240FA1 /* ORCNote */;
			targetProxy = 8D99FC941BDC0A5800240FA1 /* PBXContainerItemProxy */;
		};
		8D99FCA01BDC0A5800240FA1 /* PBXTargetDependency */ = {
			isa = PBXTargetDependency;
			target = 8D99FC7E1BDC0A5800240FA1 /* ORCNote */;
			targetProxy = 8D99FC9F1BDC0A5800240FA1 /* PBXContainerItemProxy */;
		};
/* End PBXTargetDependency section */

/* Begin PBXVariantGroup section */
		8D99FC861BDC0A5800240FA1 /* Main.storyboard */ = {
			isa = PBXVariantGroup;
			children = (
				8D99FC871BDC0A5800240FA1 /* Base */,
			);
			name = Main.storyboard;
			sourceTree = "<group>";
		};
		8D99FC8B1BDC0A5800240FA1 /* LaunchScreen.storyboard */ = {
			isa = PBXVariantGroup;
			children = (
				8D99FC8C1BDC0A5800240FA1 /* Base */,
			);
			name = LaunchScreen.storyboard;
			sourceTree = "<group>";
		};
/* End PBXVariantGroup section */

/* Begin XCBuildConfiguration section */
		8D99FCA51BDC0A5800240FA1 /* Debug */ = {
			isa = XCBuildConfiguration;
			buildSettings = {
				ALWAYS_SEARCH_USER_PATHS = NO;
				CLANG_CXX_LANGUAGE_STANDARD = "gnu++0x";
				CLANG_CXX_LIBRARY = "libc++";
				CLANG_ENABLE_MODULES = YES;
				CLANG_ENABLE_OBJC_ARC = YES;
				CLANG_WARN_BOOL_CONVERSION = YES;
				CLANG_WARN_CONSTANT_CONVERSION = YES;
				CLANG_WARN_DIRECT_OBJC_ISA_USAGE = YES_ERROR;
				CLANG_WARN_EMPTY_BODY = YES;
				CLANG_WARN_ENUM_CONVERSION = YES;
				CLANG_WARN_INT_CONVERSION = YES;
				CLANG_WARN_OBJC_ROOT_CLASS = YES_ERROR;
				CLANG_WARN_UNREACHABLE_CODE = YES;
				CLANG_WARN__DUPLICATE_METHOD_MATCH = YES;
				"CODE_SIGN_IDENTITY[sdk=iphoneos*]" = "iPhone Developer";
				COPY_PHASE_STRIP = NO;
				DEBUG_INFORMATION_FORMAT = dwarf;
				ENABLE_STRICT_OBJC_MSGSEND = YES;
				ENABLE_TESTABILITY = YES;
				GCC_C_LANGUAGE_STANDARD = gnu99;
				GCC_DYNAMIC_NO_PIC = NO;
				GCC_NO_COMMON_BLOCKS = YES;
				GCC_OPTIMIZATION_LEVEL = 0;
				GCC_PREPROCESSOR_DEFINITIONS = (
					"DEBUG=1",
					"$(inherited)",
				);
				GCC_WARN_64_TO_32_BIT_CONVERSION = YES;
				GCC_WARN_ABOUT_RETURN_TYPE = YES_ERROR;
				GCC_WARN_UNDECLARED_SELECTOR = YES;
				GCC_WARN_UNINITIALIZED_AUTOS = YES_AGGRESSIVE;
				GCC_WARN_UNUSED_FUNCTION = YES;
				GCC_WARN_UNUSED_VARIABLE = YES;
				IPHONEOS_DEPLOYMENT_TARGET = 9.1;
				MTL_ENABLE_DEBUG_INFO = YES;
				ONLY_ACTIVE_ARCH = YES;
				SDKROOT = iphoneos;
				SWIFT_OPTIMIZATION_LEVEL = "-Onone";
			};
			name = Debug;
		};
		8D99FCA61BDC0A5800240FA1 /* Release */ = {
			isa = XCBuildConfiguration;
			buildSettings = {
				ALWAYS_SEARCH_USER_PATHS = NO;
				CLANG_CXX_LANGUAGE_STANDARD = "gnu++0x";
				CLANG_CXX_LIBRARY = "libc++";
				CLANG_ENABLE_MODULES = YES;
				CLANG_ENABLE_OBJC_ARC = YES;
				CLANG_WARN_BOOL_CONVERSION = YES;
				CLANG_WARN_CONSTANT_CONVERSION = YES;
				CLANG_WARN_DIRECT_OBJC_ISA_USAGE = YES_ERROR;
				CLANG_WARN_EMPTY_BODY = YES;
				CLANG_WARN_ENUM_CONVERSION = YES;
				CLANG_WARN_INT_CONVERSION = YES;
				CLANG_WARN_OBJC_ROOT_CLASS = YES_ERROR;
				CLANG_WARN_UNREACHABLE_CODE = YES;
				CLANG_WARN__DUPLICATE_METHOD_MATCH = YES;
				"CODE_SIGN_IDENTITY[sdk=iphoneos*]" = "iPhone Developer";
				COPY_PHASE_STRIP = NO;
				DEBUG_INFORMATION_FORMAT = "dwarf-with-dsym";
				ENABLE_NS_ASSERTIONS = NO;
				ENABLE_STRICT_OBJC_MSGSEND = YES;
				GCC_C_LANGUAGE_STANDARD = gnu99;
				GCC_NO_COMMON_BLOCKS = YES;
				GCC_WARN_64_TO_32_BIT_CONVERSION = YES;
				GCC_WARN_ABOUT_RETURN_TYPE = YES_ERROR;
				GCC_WARN_UNDECLARED_SELECTOR = YES;
				GCC_WARN_UNINITIALIZED_AUTOS = YES_AGGRESSIVE;
				GCC_WARN_UNUSED_FUNCTION = YES;
				GCC_WARN_UNUSED_VARIABLE = YES;
				IPHONEOS_DEPLOYMENT_TARGET = 9.1;
				MTL_ENABLE_DEBUG_INFO = NO;
				SDKROOT = iphoneos;
				VALIDATE_PRODUCT = YES;
			};
			name = Release;
		};
		8D99FCA81BDC0A5800240FA1 /* Debug */ = {
			isa = XCBuildConfiguration;
			baseConfigurationReference = A8E61FAB28D24C6ECD6FCD24 /* Pods-ORCNote.debug.xcconfig */;
			buildSettings = {
				ASSETCATALOG_COMPILER_APPICON_NAME = AppIcon;
				ENABLE_BITCODE = NO;
				INFOPLIST_FILE = ORCNote/Info.plist;
				IPHONEOS_DEPLOYMENT_TARGET = 8.0;
				LD_RUNPATH_SEARCH_PATHS = "$(inherited) @executable_path/Frameworks";
				PRODUCT_BUNDLE_IDENTIFIER = info.yiqin.ORCNote;
				PRODUCT_NAME = "$(TARGET_NAME)";
			};
			name = Debug;
		};
		8D99FCA91BDC0A5800240FA1 /* Release */ = {
			isa = XCBuildConfiguration;
			baseConfigurationReference = 1EFABDDBC7DBCA0C7DD304A2 /* Pods-ORCNote.release.xcconfig */;
			buildSettings = {
				ASSETCATALOG_COMPILER_APPICON_NAME = AppIcon;
				ENABLE_BITCODE = NO;
				INFOPLIST_FILE = ORCNote/Info.plist;
				IPHONEOS_DEPLOYMENT_TARGET = 8.0;
				LD_RUNPATH_SEARCH_PATHS = "$(inherited) @executable_path/Frameworks";
				PRODUCT_BUNDLE_IDENTIFIER = info.yiqin.ORCNote;
				PRODUCT_NAME = "$(TARGET_NAME)";
			};
			name = Release;
		};
		8D99FCAB1BDC0A5800240FA1 /* Debug */ = {
			isa = XCBuildConfiguration;
			buildSettings = {
				BUNDLE_LOADER = "$(TEST_HOST)";
				INFOPLIST_FILE = ORCNoteTests/Info.plist;
				LD_RUNPATH_SEARCH_PATHS = "$(inherited) @executable_path/Frameworks @loader_path/Frameworks";
				PRODUCT_BUNDLE_IDENTIFIER = info.yiqin.ORCNoteTests;
				PRODUCT_NAME = "$(TARGET_NAME)";
				TEST_HOST = "$(BUILT_PRODUCTS_DIR)/ORCNote.app/ORCNote";
			};
			name = Debug;
		};
		8D99FCAC1BDC0A5800240FA1 /* Release */ = {
			isa = XCBuildConfiguration;
			buildSettings = {
				BUNDLE_LOADER = "$(TEST_HOST)";
				INFOPLIST_FILE = ORCNoteTests/Info.plist;
				LD_RUNPATH_SEARCH_PATHS = "$(inherited) @executable_path/Frameworks @loader_path/Frameworks";
				PRODUCT_BUNDLE_IDENTIFIER = info.yiqin.ORCNoteTests;
				PRODUCT_NAME = "$(TARGET_NAME)";
				TEST_HOST = "$(BUILT_PRODUCTS_DIR)/ORCNote.app/ORCNote";
			};
			name = Release;
		};
		8D99FCAE1BDC0A5800240FA1 /* Debug */ = {
			isa = XCBuildConfiguration;
			buildSettings = {
				INFOPLIST_FILE = ORCNoteUITests/Info.plist;
				LD_RUNPATH_SEARCH_PATHS = "$(inherited) @executable_path/Frameworks @loader_path/Frameworks";
				PRODUCT_BUNDLE_IDENTIFIER = info.yiqin.ORCNoteUITests;
				PRODUCT_NAME = "$(TARGET_NAME)";
				TEST_TARGET_NAME = ORCNote;
				USES_XCTRUNNER = YES;
			};
			name = Debug;
		};
		8D99FCAF1BDC0A5800240FA1 /* Release */ = {
			isa = XCBuildConfiguration;
			buildSettings = {
				INFOPLIST_FILE = ORCNoteUITests/Info.plist;
				LD_RUNPATH_SEARCH_PATHS = "$(inherited) @executable_path/Frameworks @loader_path/Frameworks";
				PRODUCT_BUNDLE_IDENTIFIER = info.yiqin.ORCNoteUITests;
				PRODUCT_NAME = "$(TARGET_NAME)";
				TEST_TARGET_NAME = ORCNote;
				USES_XCTRUNNER = YES;
			};
			name = Release;
		};
/* End XCBuildConfiguration section */

/* Begin XCConfigurationList section */
		8D99FC7A1BDC0A5800240FA1 /* Build configuration list for PBXProject "ORCNote" */ = {
			isa = XCConfigurationList;
			buildConfigurations = (
				8D99FCA51BDC0A5800240FA1 /* Debug */,
				8D99FCA61BDC0A5800240FA1 /* Release */,
			);
			defaultConfigurationIsVisible = 0;
			defaultConfigurationName = Release;
		};
		8D99FCA71BDC0A5800240FA1 /* Build configuration list for PBXNativeTarget "ORCNote" */ = {
			isa = XCConfigurationList;
			buildConfigurations = (
				8D99FCA81BDC0A5800240FA1 /* Debug */,
				8D99FCA91BDC0A5800240FA1 /* Release */,
			);
			defaultConfigurationIsVisible = 0;
			defaultConfigurationName = Release;
		};
		8D99FCAA1BDC0A5800240FA1 /* Build configuration list for PBXNativeTarget "ORCNoteTests" */ = {
			isa = XCConfigurationList;
			buildConfigurations = (
				8D99FCAB1BDC0A5800240FA1 /* Debug */,
				8D99FCAC1BDC0A5800240FA1 /* Release */,
			);
			defaultConfigurationIsVisible = 0;
			defaultConfigurationName = Release;
		};
		8D99FCAD1BDC0A5800240FA1 /* Build configuration list for PBXNativeTarget "ORCNoteUITests" */ = {
			isa = XCConfigurationList;
			buildConfigurations = (
				8D99FCAE1BDC0A5800240FA1 /* Debug */,
				8D99FCAF1BDC0A5800240FA1 /* Release */,
			);
			defaultConfigurationIsVisible = 0;
			defaultConfigurationName = Release;
		};
/* End XCConfigurationList section */
	};
	rootObject = 8D99FC771BDC0A5800240FA1 /* Project object */;
}
